
Microsoft Visual Studio Solution File, Format Version 12.00
# Visual Studio Version 16
VisualStudioVersion = 16.0.31424.327
MinimumVisualStudioVersion = 10.0.40219.1
Project("{9A19103F-16F7-4668-BE54-9A1E7A4F7556}") = "BugTracker.Web", "BugTracker.Web\BugTracker.Web.csproj", "{8F192BA2-CD63-4A20-9530-F17616BDE3E5}"
EndProject
Project("{9A19103F-16F7-4668-BE54-9A1E7A4F7556}") = "BugTracker.Dal", "BugTracker.Dal\BugTracker.Dal.csproj", "{B49A895E-2D87-4228-BA73-7A24164E052E}"
EndProject
Global
	GlobalSection(SolutionConfigurationPlatforms) = preSolution
		Debug|Any CPU = Debug|Any CPU
		Release|Any CPU = Release|Any CPU
	EndGlobalSection
	GlobalSection(ProjectConfigurationPlatforms) = postSolution
		{8F192BA2-CD63-4A20-9530-F17616BDE3E5}.Debug|Any CPU.ActiveCfg = Debug|Any CPU
		{8F192BA2-CD63-4A20-9530-F17616BDE3E5}.Debug|Any CPU.Build.0 = Debug|Any CPU
		{8F192BA2-CD63-4A20-9530-F17616BDE3E5}.Release|Any CPU.ActiveCfg = Release|Any CPU
		{8F192BA2-CD63-4A20-9530-F17616BDE3E5}.Release|Any CPU.Build.0 = Release|Any CPU
		{B49A895E-2D87-4228-BA73-7A24164E052E}.Debug|Any CPU.ActiveCfg = Debug|Any CPU
		{B49A895E-2D87-4228-BA73-7A24164E052E}.Debug|Any CPU.Build.0 = Debug|Any CPU
		{B49A895E-2D87-4228-BA73-7A24164E052E}.Release|Any CPU.ActiveCfg = Release|Any CPU
		{B49A895E-2D87-4228-BA73-7A24164E052E}.Release|Any CPU.Build.0 = Release|Any CPU
	EndGlobalSection
	GlobalSection(SolutionProperties) = preSolution
		HideSolutionNode = FALSE
	EndGlobalSection
	GlobalSection(ExtensibilityGlobals) = postSolution
		SolutionGuid = {1C689AD7-2022-47A6-8AA8-C0A9D3C32D2F}
	EndGlobalSection
EndGlobal
